// !$*UTF8*$!
{
	archiveVersion = 1;
	classes = {
	};
	objectVersion = 46;
	objects = {

/* Begin PBXBuildFile section */
		B5CD7D8C1F4E2D4600B780F0 /* AppDelegate.swift in Sources */ = {isa = PBXBuildFile; fileRef = B5CD7D8B1F4E2D4600B780F0 /* AppDelegate.swift */; };
		B5CD7D8E1F4E2D4600B780F0 /* ViewController.swift in Sources */ = {isa = PBXBuildFile; fileRef = B5CD7D8D1F4E2D4600B780F0 /* ViewController.swift */; };
		B5CD7D911F4E2D4600B780F0 /* Main.storyboard in Resources */ = {isa = PBXBuildFile; fileRef = B5CD7D8F1F4E2D4600B780F0 /* Main.storyboard */; };
		B5CD7D941F4E2D4600B780F0 /* practiceApp.xcdatamodeld in Sources */ = {isa = PBXBuildFile; fileRef = B5CD7D921F4E2D4600B780F0 /* practiceApp.xcdatamodeld */; };
		B5CD7D961F4E2D4600B780F0 /* Assets.xcassets in Resources */ = {isa = PBXBuildFile; fileRef = B5CD7D951F4E2D4600B780F0 /* Assets.xcassets */; };
		B5CD7D991F4E2D4600B780F0 /* LaunchScreen.storyboard in Resources */ = {isa = PBXBuildFile; fileRef = B5CD7D971F4E2D4600B780F0 /* LaunchScreen.storyboard */; };
		B5CD7DA41F4E2D4600B780F0 /* practiceAppTests.swift in Sources */ = {isa = PBXBuildFile; fileRef = B5CD7DA31F4E2D4600B780F0 /* practiceAppTests.swift */; };
		B5CD7DAF1F4E2D4600B780F0 /* practiceAppUITests.swift in Sources */ = {isa = PBXBuildFile; fileRef = B5CD7DAE1F4E2D4600B780F0 /* practiceAppUITests.swift */; };
/* End PBXBuildFile section */

/* Begin PBXContainerItemProxy section */
		B5CD7DA01F4E2D4600B780F0 /* PBXContainerItemProxy */ = {
			isa = PBXContainerItemProxy;
			containerPortal = B5CD7D801F4E2D4600B780F0 /* Project object */;
			proxyType = 1;
			remoteGlobalIDString = B5CD7D871F4E2D4600B780F0;
			remoteInfo = practiceApp;
		};
		B5CD7DAB1F4E2D4600B780F0 /* PBXContainerItemProxy */ = {
			isa = PBXContainerItemProxy;
			containerPortal = B5CD7D801F4E2D4600B780F0 /* Project object */;
			proxyType = 1;
			remoteGlobalIDString = B5CD7D871F4E2D4600B780F0;
			remoteInfo = practiceApp;
		};
/* End PBXContainerItemProxy section */

/* Begin PBXFileReference section */
		B5CD7D881F4E2D4600B780F0 /* practiceApp.app */ = {isa = PBXFileReference; explicitFileType = wrapper.application; includeInIndex = 0; path = practiceApp.app; sourceTree = BUILT_PRODUCTS_DIR; };
		B5CD7D8B1F4E2D4600B780F0 /* AppDelegate.swift */ = {isa = PBXFileReference; lastKnownFileType = sourcecode.swift; path = AppDelegate.swift; sourceTree = "<group>"; };
		B5CD7D8D1F4E2D4600B780F0 /* ViewController.swift */ = {isa = PBXFileReference; lastKnownFileType = sourcecode.swift; path = ViewController.swift; sourceTree = "<group>"; };
		B5CD7D901F4E2D4600B780F0 /* Base */ = {isa = PBXFileReference; lastKnownFileType = file.storyboard; name = Base; path = Base.lproj/Main.storyboard; sourceTree = "<group>"; };
		B5CD7D931F4E2D4600B780F0 /* practiceApp.xcdatamodel */ = {isa = PBXFileReference; lastKnownFileType = wrapper.xcdatamodel; path = practiceApp.xcdatamodel; sourceTree = "<group>"; };
		B5CD7D951F4E2D4600B780F0 /* Assets.xcassets */ = {isa = PBXFileReference; lastKnownFileType = folder.assetcatalog; path = Assets.xcassets; sourceTree = "<group>"; };
		B5CD7D981F4E2D4600B780F0 /* Base */ = {isa = PBXFileReference; lastKnownFileType = file.storyboard; name = Base; path = Base.lproj/LaunchScreen.storyboard; sourceTree = "<group>"; };
		B5CD7D9A1F4E2D4600B780F0 /* Info.plist */ = {isa = PBXFileReference; lastKnownFileType = text.plist.xml; path = Info.plist; sourceTree = "<group>"; };
		B5CD7D9F1F4E2D4600B780F0 /* practiceAppTests.xctest */ = {isa = PBXFileReference; explicitFileType = wrapper.cfbundle; includeInIndex = 0; path = practiceAppTests.xctest; sourceTree = BUILT_PRODUCTS_DIR; };
		B5CD7DA31F4E2D4600B780F0 /* practiceAppTests.swift */ = {isa = PBXFileReference; lastKnownFileType = sourcecode.swift; path = practiceAppTests.swift; sourceTree = "<group>"; };
		B5CD7DA51F4E2D4600B780F0 /* Info.plist */ = {isa = PBXFileReference; lastKnownFileType = text.plist.xml; path = Info.plist; sourceTree = "<group>"; };
		B5CD7DAA1F4E2D4600B780F0 /* practiceAppUITests.xctest */ = {isa = PBXFileReference; explicitFileType = wrapper.cfbundle; includeInIndex = 0; path = practiceAppUITests.xctest; sourceTree = BUILT_PRODUCTS_DIR; };
		B5CD7DAE1F4E2D4600B780F0 /* practiceAppUITests.swift */ = {isa = PBXFileReference; lastKnownFileType = sourcecode.swift; path = practiceAppUITests.swift; sourceTree = "<group>"; };
		B5CD7DB01F4E2D4600B780F0 /* Info.plist */ = {isa = PBXFileReference; lastKnownFileType = text.plist.xml; path = Info.plist; sourceTree = "<group>"; };
/* End PBXFileReference section */

/* Begin PBXFrameworksBuildPhase section */
		B5CD7D851F4E2D4600B780F0 /* Frameworks */ = {
			isa = PBXFrameworksBuildPhase;
			buildActionMask = 2147483647;
			files = (
			);
			runOnlyForDeploymentPostprocessing = 0;
		};
		B5CD7D9C1F4E2D4600B780F0 /* Frameworks */ = {
			isa = PBXFrameworksBuildPhase;
			buildActionMask = 2147483647;
			files = (
			);
			runOnlyForDeploymentPostprocessing = 0;
		};
		B5CD7DA71F4E2D4600B780F0 /* Frameworks */ = {
			isa = PBXFrameworksBuildPhase;
			buildActionMask = 2147483647;
			files = (
			);
			runOnlyForDeploymentPostprocessing = 0;
		};
/* End PBXFrameworksBuildPhase section */

/* Begin PBXGroup section */
		B5CD7D7F1F4E2D4600B780F0 = {
			isa = PBXGroup;
			children = (
				B5CD7D8A1F4E2D4600B780F0 /* practiceApp */,
				B5CD7DA21F4E2D4600B780F0 /* practiceAppTests */,
				B5CD7DAD1F4E2D4600B780F0 /* practiceAppUITests */,
				B5CD7D891F4E2D4600B780F0 /* Products */,
			);
			sourceTree = "<group>";
		};
		B5CD7D891F4E2D4600B780F0 /* Products */ = {
			isa = PBXGroup;
			children = (
				B5CD7D881F4E2D4600B780F0 /* practiceApp.app */,
				B5CD7D9F1F4E2D4600B780F0 /* practiceAppTests.xctest */,
				B5CD7DAA1F4E2D4600B780F0 /* practiceAppUITests.xctest */,
			);
			name = Products;
			sourceTree = "<group>";
		};
		B5CD7D8A1F4E2D4600B780F0 /* practiceApp */ = {
			isa = PBXGroup;
			children = (
				B5CD7D8B1F4E2D4600B780F0 /* AppDelegate.swift */,
				B5CD7D8D1F4E2D4600B780F0 /* ViewController.swift */,
				B5CD7D8F1F4E2D4600B780F0 /* Main.storyboard */,
				B5CD7D951F4E2D4600B780F0 /* Assets.xcassets */,
				B5CD7D971F4E2D4600B780F0 /* LaunchScreen.storyboard */,
				B5CD7D9A1F4E2D4600B780F0 /* Info.plist */,
				B5CD7D921F4E2D4600B780F0 /* practiceApp.xcdatamodeld */,
			);
			path = practiceApp;
			sourceTree = "<group>";
		};
		B5CD7DA21F4E2D4600B780F0 /* practiceAppTests */ = {
			isa = PBXGroup;
			children = (
				B5CD7DA31F4E2D4600B780F0 /* practiceAppTests.swift */,
				B5CD7DA51F4E2D4600B780F0 /* Info.plist */,
			);
			path = practiceAppTests;
			sourceTree = "<group>";
		};
		B5CD7DAD1F4E2D4600B780F0 /* practiceAppUITests */ = {
			isa = PBXGroup;
			children = (
				B5CD7DAE1F4E2D4600B780F0 /* practiceAppUITests.swift */,
				B5CD7DB01F4E2D4600B780F0 /* Info.plist */,
			);
			path = practiceAppUITests;
			sourceTree = "<group>";
		};
/* End PBXGroup section */

/* Begin PBXNativeTarget section */
		B5CD7D871F4E2D4600B780F0 /* practiceApp */ = {
			isa = PBXNativeTarget;
			buildConfigurationList = B5CD7DB31F4E2D4600B780F0 /* Build configuration list for PBXNativeTarget "practiceApp" */;
			buildPhases = (
				B5CD7D841F4E2D4600B780F0 /* Sources */,
				B5CD7D851F4E2D4600B780F0 /* Frameworks */,
				B5CD7D861F4E2D4600B780F0 /* Resources */,
			);
			buildRules = (
			);
			dependencies = (
			);
			name = practiceApp;
			productName = practiceApp;
			productReference = B5CD7D881F4E2D4600B780F0 /* practiceApp.app */;
			productType = "com.apple.product-type.application";
		};
		B5CD7D9E1F4E2D4600B780F0 /* practiceAppTests */ = {
			isa = PBXNativeTarget;
			buildConfigurationList = B5CD7DB61F4E2D4600B780F0 /* Build configuration list for PBXNativeTarget "practiceAppTests" */;
			buildPhases = (
				B5CD7D9B1F4E2D4600B780F0 /* Sources */,
				B5CD7D9C1F4E2D4600B780F0 /* Frameworks */,
				B5CD7D9D1F4E2D4600B780F0 /* Resources */,
			);
			buildRules = (
			);
			dependencies = (
				B5CD7DA11F4E2D4600B780F0 /* PBXTargetDependency */,
			);
			name = practiceAppTests;
			productName = practiceAppTests;
			productReference = B5CD7D9F1F4E2D4600B780F0 /* practiceAppTests.xctest */;
			productType = "com.apple.product-type.bundle.unit-test";
		};
		B5CD7DA91F4E2D4600B780F0 /* practiceAppUITests */ = {
			isa = PBXNativeTarget;
			buildConfigurationList = B5CD7DB91F4E2D4600B780F0 /* Build configuration list for PBXNativeTarget "practiceAppUITests" */;
			buildPhases = (
				B5CD7DA61F4E2D4600B780F0 /* Sources */,
				B5CD7DA71F4E2D4600B780F0 /* Frameworks */,
				B5CD7DA81F4E2D4600B780F0 /* Resources */,
			);
			buildRules = (
			);
			dependencies = (
				B5CD7DAC1F4E2D4600B780F0 /* PBXTargetDependency */,
			);
			name = practiceAppUITests;
			productName = practiceAppUITests;
			productReference = B5CD7DAA1F4E2D4600B780F0 /* practiceAppUITests.xctest */;
			productType = "com.apple.product-type.bundle.ui-testing";
		};
/* End PBXNativeTarget section */

/* Begin PBXProject section */
		B5CD7D801F4E2D4600B780F0 /* Project object */ = {
			isa = PBXProject;
			attributes = {
				LastSwiftUpdateCheck = 0720;
				LastUpgradeCheck = 0720;
				ORGANIZATIONNAME = Amna;
				TargetAttributes = {
					B5CD7D871F4E2D4600B780F0 = {
						CreatedOnToolsVersion = 7.2;
						DevelopmentTeam = 4NTB9J5RU8;
					};
					B5CD7D9E1F4E2D4600B780F0 = {
						CreatedOnToolsVersion = 7.2;
						DevelopmentTeam = 4NTB9J5RU8;
						TestTargetID = B5CD7D871F4E2D4600B780F0;
					};
					B5CD7DA91F4E2D4600B780F0 = {
						CreatedOnToolsVersion = 7.2;
						DevelopmentTeam = 4NTB9J5RU8;
						TestTargetID = B5CD7D871F4E2D4600B780F0;
					};
				};
			};
			buildConfigurationList = B5CD7D831F4E2D4600B780F0 /* Build configuration list for PBXProject "practiceApp" */;
			compatibilityVersion = "Xcode 3.2";
			developmentRegion = English;
			hasScannedForEncodings = 0;
			knownRegions = (
				en,
				Base,
			);
			mainGroup = B5CD7D7F1F4E2D4600B780F0;
			productRefGroup = B5CD7D891F4E2D4600B780F0 /* Products */;
			projectDirPath = "";
			projectRoot = "";
			targets = (
				B5CD7D871F4E2D4600B780F0 /* practiceApp */,
				B5CD7D9E1F4E2D4600B780F0 /* practiceAppTests */,
				B5CD7DA91F4E2D4600B780F0 /* practiceAppUITests */,
			);
		};
/* End PBXProject section */

/* Begin PBXResourcesBuildPhase section */
		B5CD7D861F4E2D4600B780F0 /* Resources */ = {
			isa = PBXResourcesBuildPhase;
			buildActionMask = 2147483647;
			files = (
				B5CD7D991F4E2D4600B780F0 /* LaunchScreen.storyboard in Resources */,
				B5CD7D961F4E2D4600B780F0 /* Assets.xcassets in Resources */,
				B5CD7D911F4E2D4600B780F0 /* Main.storyboard in Resources */,
			);
			runOnlyForDeploymentPostprocessing = 0;
		};
		B5CD7D9D1F4E2D4600B780F0 /* Resources */ = {
			isa = PBXResourcesBuildPhase;
			buildActionMask = 2147483647;
			files = (
			);
			runOnlyForDeploymentPostprocessing = 0;
		};
		B5CD7DA81F4E2D4600B780F0 /* Resources */ = {
			isa = PBXResourcesBuildPhase;
			buildActionMask = 2147483647;
			files = (
			);
			runOnlyForDeploymentPostprocessing = 0;
		};
/* End PBXResourcesBuildPhase section */

/* Begin PBXSourcesBuildPhase section */
		B5CD7D841F4E2D4600B780F0 /* Sources */ = {
			isa = PBXSourcesBuildPhase;
			buildActionMask = 2147483647;
			files = (
				B5CD7D941F4E2D4600B780F0 /* practiceApp.xcdatamodeld in Sources */,
				B5CD7D8E1F4E2D4600B780F0 /* ViewController.swift in Sources */,
				B5CD7D8C1F4E2D4600B780F0 /* AppDelegate.swift in Sources */,
			);
			runOnlyForDeploymentPostprocessing = 0;
		};
		B5CD7D9B1F4E2D4600B780F0 /* Sources */ = {
			isa = PBXSourcesBuildPhase;
			buildActionMask = 2147483647;
			files = (
				B5CD7DA41F4E2D4600B780F0 /* practiceAppTests.swift in Sources */,
			);
			runOnlyForDeploymentPostprocessing = 0;
		};
		B5CD7DA61F4E2D4600B780F0 /* Sources */ = {
			isa = PBXSourcesBuildPhase;
			buildActionMask = 2147483647;
			files = (
				B5CD7DAF1F4E2D4600B780F0 /* practiceAppUITests.swift in Sources */,
			);
			runOnlyForDeploymentPostprocessing = 0;
		};
/* End PBXSourcesBuildPhase section */

/* Begin PBXTargetDependency section */
		B5CD7DA11F4E2D4600B780F0 /* PBXTargetDependency */ = {
			isa = PBXTargetDependency;
			target = B5CD7D871F4E2D4600B780F0 /* practiceApp */;
			targetProxy = B5CD7DA01F4E2D4600B780F0 /* PBXContainerItemProxy */;
		};
		B5CD7DAC1F4E2D4600B780F0 /* PBXTargetDependency */ = {
			isa = PBXTargetDependency;
			target = B5CD7D871F4E2D4600B780F0 /* practiceApp */;
			targetProxy = B5CD7DAB1F4E2D4600B780F0 /* PBXContainerItemProxy */;
		};
/* End PBXTargetDependency section */

/* Begin PBXVariantGroup section */
		B5CD7D8F1F4E2D4600B780F0 /* Main.storyboard */ = {
			isa = PBXVariantGroup;
			children = (
				B5CD7D901F4E2D4600B780F0 /* Base */,
			);
			name = Main.storyboard;
			sourceTree = "<group>";
		};
		B5CD7D971F4E2D4600B780F0 /* LaunchScreen.storyboard */ = {
			isa = PBXVariantGroup;
			children = (
				B5CD7D981F4E2D4600B780F0 /* Base */,
			);
			name = LaunchScreen.storyboard;
			sourceTree = "<group>";
		};
/* End PBXVariantGroup section */

/* Begin XCBuildConfiguration section */
		B5CD7DB11F4E2D4600B780F0 /* Debug */ = {
			isa = XCBuildConfiguration;
			buildSettings = {
				ALWAYS_SEARCH_USER_PATHS = NO;
				CLANG_CXX_LANGUAGE_STANDARD = "gnu++0x";
				CLANG_CXX_LIBRARY = "libc++";
				CLANG_ENABLE_MODULES = YES;
				CLANG_ENABLE_OBJC_ARC = YES;
				CLANG_WARN_BOOL_CONVERSION = YES;
				CLANG_WARN_CONSTANT_CONVERSION = YES;
				CLANG_WARN_DIRECT_OBJC_ISA_USAGE = YES_ERROR;
				CLANG_WARN_EMPTY_BODY = YES;
				CLANG_WARN_ENUM_CONVERSION = YES;
				CLANG_WARN_INT_CONVERSION = YES;
				CLANG_WARN_OBJC_ROOT_CLASS = YES_ERROR;
				CLANG_WARN_UNREACHABLE_CODE = YES;
				CLANG_WARN__DUPLICATE_METHOD_MATCH = YES;
				"CODE_SIGN_IDENTITY[sdk=iphoneos*]" = "iPhone Developer";
				COPY_PHASE_STRIP = NO;
				DEBUG_INFORMATION_FORMAT = dwarf;
				ENABLE_STRICT_OBJC_MSGSEND = YES;
				ENABLE_TESTABILITY = YES;
				GCC_C_LANGUAGE_STANDARD = gnu99;
				GCC_DYNAMIC_NO_PIC = NO;
				GCC_NO_COMMON_BLOCKS = YES;
				GCC_OPTIMIZATION_LEVEL = 0;
				GCC_PREPROCESSOR_DEFINITIONS = (
					"DEBUG=1",
					"$(inherited)",
				);
				GCC_WARN_64_TO_32_BIT_CONVERSION = YES;
				GCC_WARN_ABOUT_RETURN_TYPE = YES_ERROR;
				GCC_WARN_UNDECLARED_SELECTOR = YES;
				GCC_WARN_UNINITIALIZED_AUTOS = YES_AGGRESSIVE;
				GCC_WARN_UNUSED_FUNCTION = YES;
				GCC_WARN_UNUSED_VARIABLE = YES;
				IPHONEOS_DEPLOYMENT_TARGET = 9.2;
				MTL_ENABLE_DEBUG_INFO = YES;
				ONLY_ACTIVE_ARCH = YES;
				SDKROOT = iphoneos;
				SWIFT_OPTIMIZATION_LEVEL = "-Onone";
				TARGETED_DEVICE_FAMILY = "1,2";
			};
			name = Debug;
		};
		B5CD7DB21F4E2D4600B780F0 /* Release */ = {
			isa = XCBuildConfiguration;
			buildSettings = {
				ALWAYS_SEARCH_USER_PATHS = NO;
				CLANG_CXX_LANGUAGE_STANDARD = "gnu++0x";
				CLANG_CXX_LIBRARY = "libc++";
				CLANG_ENABLE_MODULES = YES;
				CLANG_ENABLE_OBJC_ARC = YES;
				CLANG_WARN_BOOL_CONVERSION = YES;
				CLANG_WARN_CONSTANT_CONVERSION = YES;
				CLANG_WARN_DIRECT_OBJC_ISA_USAGE = YES_ERROR;
				CLANG_WARN_EMPTY_BODY = YES;
				CLANG_WARN_ENUM_CONVERSION = YES;
				CLANG_WARN_INT_CONVERSION = YES;
				CLANG_WARN_OBJC_ROOT_CLASS = YES_ERROR;
				CLANG_WARN_UNREACHABLE_CODE = YES;
				CLANG_WARN__DUPLICATE_METHOD_MATCH = YES;
				"CODE_SIGN_IDENTITY[sdk=iphoneos*]" = "iPhone Developer";
				COPY_PHASE_STRIP = NO;
				DEBUG_INFORMATION_FORMAT = "dwarf-with-dsym";
				ENABLE_NS_ASSERTIONS = NO;
				ENABLE_STRICT_OBJC_MSGSEND = YES;
				GCC_C_LANGUAGE_STANDARD = gnu99;
				GCC_NO_COMMON_BLOCKS = YES;
				GCC_WARN_64_TO_32_BIT_CONVERSION = YES;
				GCC_WARN_ABOUT_RETURN_TYPE = YES_ERROR;
				GCC_WARN_UNDECLARED_SELECTOR = YES;
				GCC_WARN_UNINITIALIZED_AUTOS = YES_AGGRESSIVE;
				GCC_WARN_UNUSED_FUNCTION = YES;
				GCC_WARN_UNUSED_VARIABLE = YES;
				IPHONEOS_DEPLOYMENT_TARGET = 9.2;
				MTL_ENABLE_DEBUG_INFO = NO;
				SDKROOT = iphoneos;
				TARGETED_DEVICE_FAMILY = "1,2";
				VALIDATE_PRODUCT = YES;
			};
			name = Release;
		};
		B5CD7DB41F4E2D4600B780F0 /* Debug */ = {
			isa = XCBuildConfiguration;
			buildSettings = {
				ASSETCATALOG_COMPILER_APPICON_NAME = AppIcon;
				INFOPLIST_FILE = practiceApp/Info.plist;
				LD_RUNPATH_SEARCH_PATHS = "$(inherited) @executable_path/Frameworks";
				PRODUCT_BUNDLE_IDENTIFIER = AA.practiceApp;
				PRODUCT_NAME = "$(TARGET_NAME)";
			};
			name = Debug;
		};
		B5CD7DB51F4E2D4600B780F0 /* Release */ = {
			isa = XCBuildConfiguration;
			buildSettings = {
				ASSETCATALOG_COMPILER_APPICON_NAME = AppIcon;
				INFOPLIST_FILE = practiceApp/Info.plist;
				LD_RUNPATH_SEARCH_PATHS = "$(inherited) @executable_path/Frameworks";
				PRODUCT_BUNDLE_IDENTIFIER = AA.practiceApp;
				PRODUCT_NAME = "$(TARGET_NAME)";
			};
			name = Release;
		};
		B5CD7DB71F4E2D4600B780F0 /* Debug */ = {
			isa = XCBuildConfiguration;
			buildSettings = {
				BUNDLE_LOADER = "$(TEST_HOST)";
				INFOPLIST_FILE = practiceAppTests/Info.plist;
				LD_RUNPATH_SEARCH_PATHS = "$(inherited) @executable_path/Frameworks @loader_path/Frameworks";
				PRODUCT_BUNDLE_IDENTIFIER = AA.practiceAppTests;
				PRODUCT_NAME = "$(TARGET_NAME)";
				TEST_HOST = "$(BUILT_PRODUCTS_DIR)/practiceApp.app/practiceApp";
			};
			name = Debug;
		};
		B5CD7DB81F4E2D4600B780F0 /* Release */ = {
			isa = XCBuildConfiguration;
			buildSettings = {
				BUNDLE_LOADER = "$(TEST_HOST)";
				INFOPLIST_FILE = practiceAppTests/Info.plist;
				LD_RUNPATH_SEARCH_PATHS = "$(inherited) @executable_path/Frameworks @loader_path/Frameworks";
				PRODUCT_BUNDLE_IDENTIFIER = AA.practiceAppTests;
				PRODUCT_NAME = "$(TARGET_NAME)";
				TEST_HOST = "$(BUILT_PRODUCTS_DIR)/practiceApp.app/practiceApp";
			};
			name = Release;
		};
		B5CD7DBA1F4E2D4600B780F0 /* Debug */ = {
			isa = XCBuildConfiguration;
			buildSettings = {
				INFOPLIST_FILE = practiceAppUITests/Info.plist;
				LD_RUNPATH_SEARCH_PATHS = "$(inherited) @executable_path/Frameworks @loader_path/Frameworks";
				PRODUCT_BUNDLE_IDENTIFIER = AA.practiceAppUITests;
				PRODUCT_NAME = "$(TARGET_NAME)";
				TEST_TARGET_NAME = practiceApp;
				USES_XCTRUNNER = YES;
			};
			name = Debug;
		};
		B5CD7DBB1F4E2D4600B780F0 /* Release */ = {
			isa = XCBuildConfiguration;
			buildSettings = {
				INFOPLIST_FILE = practiceAppUITests/Info.plist;
				LD_RUNPATH_SEARCH_PATHS = "$(inherited) @executable_path/Frameworks @loader_path/Frameworks";
				PRODUCT_BUNDLE_IDENTIFIER = AA.practiceAppUITests;
				PRODUCT_NAME = "$(TARGET_NAME)";
				TEST_TARGET_NAME = practiceApp;
				USES_XCTRUNNER = YES;
			};
			name = Release;
		};
/* End XCBuildConfiguration section */

/* Begin XCConfigurationList section */
		B5CD7D831F4E2D4600B780F0 /* Build configuration list for PBXProject "practiceApp" */ = {
			isa = XCConfigurationList;
			buildConfigurations = (
				B5CD7DB11F4E2D4600B780F0 /* Debug */,
				B5CD7DB21F4E2D4600B780F0 /* Release */,
			);
			defaultConfigurationIsVisible = 0;
			defaultConfigurationName = Release;
		};
		B5CD7DB31F4E2D4600B780F0 /* Build configuration list for PBXNativeTarget "practiceApp" */ = {
			isa = XCConfigurationList;
			buildConfigurations = (
				B5CD7DB41F4E2D4600B780F0 /* Debug */,
				B5CD7DB51F4E2D4600B780F0 /* Release */,
			);
			defaultConfigurationIsVisible = 0;
		};
		B5CD7DB61F4E2D4600B780F0 /* Build configuration list for PBXNativeTarget "practiceAppTests" */ = {
			isa = XCConfigurationList;
			buildConfigurations = (
				B5CD7DB71F4E2D4600B780F0 /* Debug */,
				B5CD7DB81F4E2D4600B780F0 /* Release */,
			);
			defaultConfigurationIsVisible = 0;
		};
		B5CD7DB91F4E2D4600B780F0 /* Build configuration list for PBXNativeTarget "practiceAppUITests" */ = {
			isa = XCConfigurationList;
			buildConfigurations = (
				B5CD7DBA1F4E2D4600B780F0 /* Debug */,
				B5CD7DBB1F4E2D4600B780F0 /* Release */,
			);
			defaultConfigurationIsVisible = 0;
		};
/* End XCConfigurationList section */

/* Begin XCVersionGroup section */
		B5CD7D921F4E2D4600B780F0 /* practiceApp.xcdatamodeld */ = {
			isa = XCVersionGroup;
			children = (
				B5CD7D931F4E2D4600B780F0 /* practiceApp.xcdatamodel */,
			);
			currentVersion = B5CD7D931F4E2D4600B780F0 /* practiceApp.xcdatamodel */;
			path = practiceApp.xcdatamodeld;
			sourceTree = "<group>";
			versionGroupType = wrapper.xcdatamodel;
		};
/* End XCVersionGroup section */
	};
	rootObject = B5CD7D801F4E2D4600B780F0 /* Project object */;
}
